
Microsoft Visual Studio Solution File, Format Version 12.00
# Visual Studio Version 16
VisualStudioVersion = 16.0.808.6
MinimumVisualStudioVersion = 10.0.40219.1
Project("{FAE04EC0-301F-11D3-BF4B-00C04F79EFBC}") = "OperatorsExercise", "OperatorsExercise\OperatorsExercise.csproj", "{FC7BEA61-35DD-45B0-9D19-4A8413342FD3}"
EndProject
Global
	GlobalSection(SolutionConfigurationPlatforms) = preSolution
		Debug|Any CPU = Debug|Any CPU
		Release|Any CPU = Release|Any CPU
	EndGlobalSection
	GlobalSection(ProjectConfigurationPlatforms) = postSolution
		{FC7BEA61-35DD-45B0-9D19-4A8413342FD3}.Debug|Any CPU.ActiveCfg = Debug|Any CPU
		{FC7BEA61-35DD-45B0-9D19-4A8413342FD3}.Debug|Any CPU.Build.0 = Debug|Any CPU
		{FC7BEA61-35DD-45B0-9D19-4A8413342FD3}.Release|Any CPU.ActiveCfg = Release|Any CPU
		{FC7BEA61-35DD-45B0-9D19-4A8413342FD3}.Release|Any CPU.Build.0 = Release|Any CPU
	EndGlobalSection
	GlobalSection(SolutionProperties) = preSolution
		HideSolutionNode = FALSE
	EndGlobalSection
	GlobalSection(ExtensibilityGlobals) = postSolution
		SolutionGuid = {5F9D23EE-9BC4-48DC-B400-2908CCA3808F}
	EndGlobalSection
EndGlobal
